
Microsoft Visual Studio Solution File, Format Version 12.00
# Visual Studio Version 17
VisualStudioVersion = 17.6.33829.357
MinimumVisualStudioVersion = 10.0.40219.1
Project("{FAE04EC0-301F-11D3-BF4B-00C04F79EFBC}") = "KataSolution", "KataSolution\KataSolution.csproj", "{3F2EFA2E-510C-4529-84A7-AAC0EBA05760}"
EndProject
Global
	GlobalSection(SolutionConfigurationPlatforms) = preSolution
		Debug|Any CPU = Debug|Any CPU
		Release|Any CPU = Release|Any CPU
	EndGlobalSection
	GlobalSection(ProjectConfigurationPlatforms) = postSolution
		{3F2EFA2E-510C-4529-84A7-AAC0EBA05760}.Debug|Any CPU.ActiveCfg = Debug|Any CPU
		{3F2EFA2E-510C-4529-84A7-AAC0EBA05760}.Debug|Any CPU.Build.0 = Debug|Any CPU
		{3F2EFA2E-510C-4529-84A7-AAC0EBA05760}.Release|Any CPU.ActiveCfg = Release|Any CPU
		{3F2EFA2E-510C-4529-84A7-AAC0EBA05760}.Release|Any CPU.Build.0 = Release|Any CPU
	EndGlobalSection
	GlobalSection(SolutionProperties) = preSolution
		HideSolutionNode = FALSE
	EndGlobalSection
	GlobalSection(ExtensibilityGlobals) = postSolution
		SolutionGuid = {D73DF48C-CDCE-45E9-BC3A-0D8C56062074}
	EndGlobalSection
EndGlobal
