
Microsoft Visual Studio Solution File, Format Version 12.00
# Visual Studio Version 17
VisualStudioVersion = 17.6.33829.357
MinimumVisualStudioVersion = 10.0.40219.1
Project("{9A19103F-16F7-4668-BE54-9A1E7A4F7556}") = "KataSolution", "KataSolution\KataSolution.csproj", "{7B1969A0-7848-4261-976E-2183AA7164A8}"
EndProject
Project("{FAE04EC0-301F-11D3-BF4B-00C04F79EFBC}") = "TestProject1", "TestProject1\TestProject1.csproj", "{7188CE4A-AE9A-4977-990F-616B560A1647}"
EndProject
Global
	GlobalSection(SolutionConfigurationPlatforms) = preSolution
		Debug|Any CPU = Debug|Any CPU
		Release|Any CPU = Release|Any CPU
	EndGlobalSection
	GlobalSection(ProjectConfigurationPlatforms) = postSolution
		{7B1969A0-7848-4261-976E-2183AA7164A8}.Debug|Any CPU.ActiveCfg = Debug|Any CPU
		{7B1969A0-7848-4261-976E-2183AA7164A8}.Debug|Any CPU.Build.0 = Debug|Any CPU
		{7B1969A0-7848-4261-976E-2183AA7164A8}.Release|Any CPU.ActiveCfg = Release|Any CPU
		{7B1969A0-7848-4261-976E-2183AA7164A8}.Release|Any CPU.Build.0 = Release|Any CPU
		{7188CE4A-AE9A-4977-990F-616B560A1647}.Debug|Any CPU.ActiveCfg = Debug|Any CPU
		{7188CE4A-AE9A-4977-990F-616B560A1647}.Debug|Any CPU.Build.0 = Debug|Any CPU
		{7188CE4A-AE9A-4977-990F-616B560A1647}.Release|Any CPU.ActiveCfg = Release|Any CPU
		{7188CE4A-AE9A-4977-990F-616B560A1647}.Release|Any CPU.Build.0 = Release|Any CPU
	EndGlobalSection
	GlobalSection(SolutionProperties) = preSolution
		HideSolutionNode = FALSE
	EndGlobalSection
	GlobalSection(ExtensibilityGlobals) = postSolution
		SolutionGuid = {005D59B0-98D0-4143-81F7-0FA4E5315ABA}
	EndGlobalSection
EndGlobal
